lockfileVersion: '9.0'

settings:
  autoInstallPeers: true
  excludeLinksFromLockfile: false

importers:

  .: {}

  packages/hello:
    dependencies:
      dayjs:
        specifier: 1.11.13
        version: 1.11.13
      nanoid:
        specifier: 5.0.8
        version: 5.0.8
    devDependencies:
      typescript:
        specifier: 5.6.3
        version: 5.6.3

  packages/prompt-cli: {}

packages:

  dayjs@1.11.13:
    resolution: {integrity: sha512-oaMBel6gjolK862uaPQOVTA7q3TZhuSvuMQAAglQDOWYO9A91IrAOUJEyKVlqJlHE0vq5p5UXxzdPfMH/x6xNg==}

  nanoid@5.0.8:
    resolution: {integrity: sha512-TcJPw+9RV9dibz1hHUzlLVy8N4X9TnwirAjrU08Juo6BNKggzVfP2ZJ/3ZUSq15Xl5i85i+Z89XBO90pB2PghQ==}
    engines: {node: ^18 || >=20}
    hasBin: true

  typescript@5.6.3:
    resolution: {integrity: sha512-hjcS1mhfuyi4WW8IWtjP7brDrG2cuDZukyrYrSauoXGNgx0S7zceP07adYkJycEr56BOUTNPzbInooiN3fn1qw==}
    engines: {node: '>=14.17'}
    hasBin: true

snapshots:

  dayjs@1.11.13: {}

  nanoid@5.0.8: {}

  typescript@5.6.3: {}
